// !$*UTF8*$!
{
	archiveVersion = 1;
	classes = {
	};
	objectVersion = 55;
	objects = {

/* Begin PBXBuildFile section */
		84829FD0277C7326001C9B69 /* AppDelegate.swift in Sources */ = {isa = PBXBuildFile; fileRef = 84829FCF277C7326001C9B69 /* AppDelegate.swift */; };
		84829FD2277C7326001C9B69 /* SceneDelegate.swift in Sources */ = {isa = PBXBuildFile; fileRef = 84829FD1277C7326001C9B69 /* SceneDelegate.swift */; };
		84829FD4277C7326001C9B69 /* ViewController.swift in Sources */ = {isa = PBXBuildFile; fileRef = 84829FD3277C7326001C9B69 /* ViewController.swift */; };
		84829FD7277C7326001C9B69 /* Main.storyboard in Resources */ = {isa = PBXBuildFile; fileRef = 84829FD5277C7326001C9B69 /* Main.storyboard */; };
		84829FD9277C7327001C9B69 /* Assets.xcassets in Resources */ = {isa = PBXBuildFile; fileRef = 84829FD8277C7327001C9B69 /* Assets.xcassets */; };
		84829FDC277C7327001C9B69 /* LaunchScreen.storyboard in Resources */ = {isa = PBXBuildFile; fileRef = 84829FDA277C7327001C9B69 /* LaunchScreen.storyboard */; };
		84829FE5277C760E001C9B69 /* FirebaseAnalytics in Frameworks */ = {isa = PBXBuildFile; productRef = 84829FE4277C760E001C9B69 /* FirebaseAnalytics */; };
		84829FE7277C760E001C9B69 /* FirebaseAuth in Frameworks */ = {isa = PBXBuildFile; productRef = 84829FE6277C760E001C9B69 /* FirebaseAuth */; };
		84829FE9277C760E001C9B69 /* FirebaseDatabase in Frameworks */ = {isa = PBXBuildFile; productRef = 84829FE8277C760E001C9B69 /* FirebaseDatabase */; };
		84829FEB277C760E001C9B69 /* FirebaseStorage in Frameworks */ = {isa = PBXBuildFile; productRef = 84829FEA277C760E001C9B69 /* FirebaseStorage */; };
		84829FED277C76E2001C9B69 /* GoogleService-Info.plist in Resources */ = {isa = PBXBuildFile; fileRef = 84829FEC277C76E2001C9B69 /* GoogleService-Info.plist */; };
/* End PBXBuildFile section */

/* Begin PBXFileReference section */
		84829FCC277C7326001C9B69 /* Project Introduction.app */ = {isa = PBXFileReference; explicitFileType = wrapper.application; includeInIndex = 0; path = "Project Introduction.app"; sourceTree = BUILT_PRODUCTS_DIR; };
		84829FCF277C7326001C9B69 /* AppDelegate.swift */ = {isa = PBXFileReference; lastKnownFileType = sourcecode.swift; path = AppDelegate.swift; sourceTree = "<group>"; };
		84829FD1277C7326001C9B69 /* SceneDelegate.swift */ = {isa = PBXFileReference; lastKnownFileType = sourcecode.swift; path = SceneDelegate.swift; sourceTree = "<group>"; };
		84829FD3277C7326001C9B69 /* ViewController.swift */ = {isa = PBXFileReference; lastKnownFileType = sourcecode.swift; path = ViewController.swift; sourceTree = "<group>"; };
		84829FD6277C7326001C9B69 /* Base */ = {isa = PBXFileReference; lastKnownFileType = file.storyboard; name = Base; path = Base.lproj/Main.storyboard; sourceTree = "<group>"; };
		84829FD8277C7327001C9B69 /* Assets.xcassets */ = {isa = PBXFileReference; lastKnownFileType = folder.assetcatalog; path = Assets.xcassets; sourceTree = "<group>"; };
		84829FDB277C7327001C9B69 /* Base */ = {isa = PBXFileReference; lastKnownFileType = file.storyboard; name = Base; path = Base.lproj/LaunchScreen.storyboard; sourceTree = "<group>"; };
		84829FDD277C7327001C9B69 /* Info.plist */ = {isa = PBXFileReference; lastKnownFileType = text.plist.xml; path = Info.plist; sourceTree = "<group>"; };
		84829FEC277C76E2001C9B69 /* GoogleService-Info.plist */ = {isa = PBXFileReference; fileEncoding = 4; lastKnownFileType = text.plist.xml; path = "GoogleService-Info.plist"; sourceTree = "<group>"; };
/* End PBXFileReference section */

/* Begin PBXFrameworksBuildPhase section */
		84829FC9277C7326001C9B69 /* Frameworks */ = {
			isa = PBXFrameworksBuildPhase;
			buildActionMask = 2147483647;
			files = (
				84829FE9277C760E001C9B69 /* FirebaseDatabase in Frameworks */,
				84829FEB277C760E001C9B69 /* FirebaseStorage in Frameworks */,
				84829FE5277C760E001C9B69 /* FirebaseAnalytics in Frameworks */,
				84829FE7277C760E001C9B69 /* FirebaseAuth in Frameworks */,
			);
			runOnlyForDeploymentPostprocessing = 0;
		};
/* End PBXFrameworksBuildPhase section */

/* Begin PBXGroup section */
		84829FC3277C7326001C9B69 = {
			isa = PBXGroup;
			children = (
				84829FCE277C7326001C9B69 /* Project Introduction */,
				84829FCD277C7326001C9B69 /* Products */,
			);
			sourceTree = "<group>";
		};
		84829FCD277C7326001C9B69 /* Products */ = {
			isa = PBXGroup;
			children = (
				84829FCC277C7326001C9B69 /* Project Introduction.app */,
			);
			name = Products;
			sourceTree = "<group>";
		};
		84829FCE277C7326001C9B69 /* Project Introduction */ = {
			isa = PBXGroup;
			children = (
				84829FCF277C7326001C9B69 /* AppDelegate.swift */,
				84829FD1277C7326001C9B69 /* SceneDelegate.swift */,
				84829FD3277C7326001C9B69 /* ViewController.swift */,
				84829FD5277C7326001C9B69 /* Main.storyboard */,
				84829FD8277C7327001C9B69 /* Assets.xcassets */,
				84829FDA277C7327001C9B69 /* LaunchScreen.storyboard */,
				84829FDD277C7327001C9B69 /* Info.plist */,
				84829FEC277C76E2001C9B69 /* GoogleService-Info.plist */,
			);
			path = "Project Introduction";
			sourceTree = "<group>";
		};
/* End PBXGroup section */

/* Begin PBXNativeTarget section */
		84829FCB277C7326001C9B69 /* Project Introduction */ = {
			isa = PBXNativeTarget;
			buildConfigurationList = 84829FE0277C7327001C9B69 /* Build configuration list for PBXNativeTarget "Project Introduction" */;
			buildPhases = (
				84829FC8277C7326001C9B69 /* Sources */,
				84829FC9277C7326001C9B69 /* Frameworks */,
				84829FCA277C7326001C9B69 /* Resources */,
			);
			buildRules = (
			);
			dependencies = (
			);
			name = "Project Introduction";
			packageProductDependencies = (
				84829FE4277C760E001C9B69 /* FirebaseAnalytics */,
				84829FE6277C760E001C9B69 /* FirebaseAuth */,
				84829FE8277C760E001C9B69 /* FirebaseDatabase */,
				84829FEA277C760E001C9B69 /* FirebaseStorage */,
			);
			productName = "Project Introduction";
			productReference = 84829FCC277C7326001C9B69 /* Project Introduction.app */;
			productType = "com.apple.product-type.application";
		};
/* End PBXNativeTarget section */

/* Begin PBXProject section */
		84829FC4277C7326001C9B69 /* Project object */ = {
			isa = PBXProject;
			attributes = {
				BuildIndependentTargetsInParallel = 1;
				LastSwiftUpdateCheck = 1310;
				LastUpgradeCheck = 1310;
				TargetAttributes = {
					84829FCB277C7326001C9B69 = {
						CreatedOnToolsVersion = 13.1;
					};
				};
			};
			buildConfigurationList = 84829FC7277C7326001C9B69 /* Build configuration list for PBXProject "Project Introduction" */;
			compatibilityVersion = "Xcode 13.0";
			developmentRegion = en;
			hasScannedForEncodings = 0;
			knownRegions = (
				en,
				Base,
			);
			mainGroup = 84829FC3277C7326001C9B69;
			packageReferences = (
				84829FE3277C760E001C9B69 /* XCRemoteSwiftPackageReference "firebase-ios-sdk" */,
			);
			productRefGroup = 84829FCD277C7326001C9B69 /* Products */;
			projectDirPath = "";
			projectRoot = "";
			targets = (
				84829FCB277C7326001C9B69 /* Project Introduction */,
			);
		};
/* End PBXProject section */

/* Begin PBXResourcesBuildPhase section */
		84829FCA277C7326001C9B69 /* Resources */ = {
			isa = PBXResourcesBuildPhase;
			buildActionMask = 2147483647;
			files = (
				84829FDC277C7327001C9B69 /* LaunchScreen.storyboard in Resources */,
				84829FED277C76E2001C9B69 /* GoogleService-Info.plist in Resources */,
				84829FD9277C7327001C9B69 /* Assets.xcassets in Resources */,
				84829FD7277C7326001C9B69 /* Main.storyboard in Resources */,
			);
			runOnlyForDeploymentPostprocessing = 0;
		};
/* End PBXResourcesBuildPhase section */

/* Begin PBXSourcesBuildPhase section */
		84829FC8277C7326001C9B69 /* Sources */ = {
			isa = PBXSourcesBuildPhase;
			buildActionMask = 2147483647;
			files = (
				84829FD4277C7326001C9B69 /* ViewController.swift in Sources */,
				84829FD0277C7326001C9B69 /* AppDelegate.swift in Sources */,
				84829FD2277C7326001C9B69 /* SceneDelegate.swift in Sources */,
			);
			runOnlyForDeploymentPostprocessing = 0;
		};
/* End PBXSourcesBuildPhase section */

/* Begin PBXVariantGroup section */
		84829FD5277C7326001C9B69 /* Main.storyboard */ = {
			isa = PBXVariantGroup;
			children = (
				84829FD6277C7326001C9B69 /* Base */,
			);
			name = Main.storyboard;
			sourceTree = "<group>";
		};
		84829FDA277C7327001C9B69 /* LaunchScreen.storyboard */ = {
			isa = PBXVariantGroup;
			children = (
				84829FDB277C7327001C9B69 /* Base */,
			);
			name = LaunchScreen.storyboard;
			sourceTree = "<group>";
		};
/* End PBXVariantGroup section */

/* Begin XCBuildConfiguration section */
		84829FDE277C7327001C9B69 /* Debug */ = {
			isa = XCBuildConfiguration;
			buildSettings = {
				ALWAYS_SEARCH_USER_PATHS = NO;
				CLANG_ANALYZER_NONNULL = YES;
				CLANG_ANALYZER_NUMBER_OBJECT_CONVERSION = YES_AGGRESSIVE;
				CLANG_CXX_LANGUAGE_STANDARD = "gnu++17";
				CLANG_CXX_LIBRARY = "libc++";
				CLANG_ENABLE_MODULES = YES;
				CLANG_ENABLE_OBJC_ARC = YES;
				CLANG_ENABLE_OBJC_WEAK = YES;
				CLANG_WARN_BLOCK_CAPTURE_AUTORELEASING = YES;
				CLANG_WARN_BOOL_CONVERSION = YES;
				CLANG_WARN_COMMA = YES;
				CLANG_WARN_CONSTANT_CONVERSION = YES;
				CLANG_WARN_DEPRECATED_OBJC_IMPLEMENTATIONS = YES;
				CLANG_WARN_DIRECT_OBJC_ISA_USAGE = YES_ERROR;
				CLANG_WARN_DOCUMENTATION_COMMENTS = YES;
				CLANG_WARN_EMPTY_BODY = YES;
				CLANG_WARN_ENUM_CONVERSION = YES;
				CLANG_WARN_INFINITE_RECURSION = YES;
				CLANG_WARN_INT_CONVERSION = YES;
				CLANG_WARN_NON_LITERAL_NULL_CONVERSION = YES;
				CLANG_WARN_OBJC_IMPLICIT_RETAIN_SELF = YES;
				CLANG_WARN_OBJC_LITERAL_CONVERSION = YES;
				CLANG_WARN_OBJC_ROOT_CLASS = YES_ERROR;
				CLANG_WARN_QUOTED_INCLUDE_IN_FRAMEWORK_HEADER = YES;
				CLANG_WARN_RANGE_LOOP_ANALYSIS = YES;
				CLANG_WARN_STRICT_PROTOTYPES = YES;
				CLANG_WARN_SUSPICIOUS_MOVE = YES;
				CLANG_WARN_UNGUARDED_AVAILABILITY = YES_AGGRESSIVE;
				CLANG_WARN_UNREACHABLE_CODE = YES;
				CLANG_WARN__DUPLICATE_METHOD_MATCH = YES;
				COPY_PHASE_STRIP = NO;
				DEBUG_INFORMATION_FORMAT = dwarf;
				ENABLE_STRICT_OBJC_MSGSEND = YES;
				ENABLE_TESTABILITY = YES;
				GCC_C_LANGUAGE_STANDARD = gnu11;
				GCC_DYNAMIC_NO_PIC = NO;
				GCC_NO_COMMON_BLOCKS = YES;
				GCC_OPTIMIZATION_LEVEL = 0;
				GCC_PREPROCESSOR_DEFINITIONS = (
					"DEBUG=1",
					"$(inherited)",
				);
				GCC_WARN_64_TO_32_BIT_CONVERSION = YES;
				GCC_WARN_ABOUT_RETURN_TYPE = YES_ERROR;
				GCC_WARN_UNDECLARED_SELECTOR = YES;
				GCC_WARN_UNINITIALIZED_AUTOS = YES_AGGRESSIVE;
				GCC_WARN_UNUSED_FUNCTION = YES;
				GCC_WARN_UNUSED_VARIABLE = YES;
				IPHONEOS_DEPLOYMENT_TARGET = 15.0;
				MTL_ENABLE_DEBUG_INFO = INCLUDE_SOURCE;
				MTL_FAST_MATH = YES;
				ONLY_ACTIVE_ARCH = YES;
				SDKROOT = iphoneos;
				SWIFT_ACTIVE_COMPILATION_CONDITIONS = DEBUG;
				SWIFT_OPTIMIZATION_LEVEL = "-Onone";
			};
			name = Debug;
		};
		84829FDF277C7327001C9B69 /* Release */ = {
			isa = XCBuildConfiguration;
			buildSettings = {
				ALWAYS_SEARCH_USER_PATHS = NO;
				CLANG_ANALYZER_NONNULL = YES;
				CLANG_ANALYZER_NUMBER_OBJECT_CONVERSION = YES_AGGRESSIVE;
				CLANG_CXX_LANGUAGE_STANDARD = "gnu++17";
				CLANG_CXX_LIBRARY = "libc++";
				CLANG_ENABLE_MODULES = YES;
				CLANG_ENABLE_OBJC_ARC = YES;
				CLANG_ENABLE_OBJC_WEAK = YES;
				CLANG_WARN_BLOCK_CAPTURE_AUTORELEASING = YES;
				CLANG_WARN_BOOL_CONVERSION = YES;
				CLANG_WARN_COMMA = YES;
				CLANG_WARN_CONSTANT_CONVERSION = YES;
				CLANG_WARN_DEPRECATED_OBJC_IMPLEMENTATIONS = YES;
				CLANG_WARN_DIRECT_OBJC_ISA_USAGE = YES_ERROR;
				CLANG_WARN_DOCUMENTATION_COMMENTS = YES;
				CLANG_WARN_EMPTY_BODY = YES;
				CLANG_WARN_ENUM_CONVERSION = YES;
				CLANG_WARN_INFINITE_RECURSION = YES;
				CLANG_WARN_INT_CONVERSION = YES;
				CLANG_WARN_NON_LITERAL_NULL_CONVERSION = YES;
				CLANG_WARN_OBJC_IMPLICIT_RETAIN_SELF = YES;
				CLANG_WARN_OBJC_LITERAL_CONVERSION = YES;
				CLANG_WARN_OBJC_ROOT_CLASS = YES_ERROR;
				CLANG_WARN_QUOTED_INCLUDE_IN_FRAMEWORK_HEADER = YES;
				CLANG_WARN_RANGE_LOOP_ANALYSIS = YES;
				CLANG_WARN_STRICT_PROTOTYPES = YES;
				CLANG_WARN_SUSPICIOUS_MOVE = YES;
				CLANG_WARN_UNGUARDED_AVAILABILITY = YES_AGGRESSIVE;
				CLANG_WARN_UNREACHABLE_CODE = YES;
				CLANG_WARN__DUPLICATE_METHOD_MATCH = YES;
				COPY_PHASE_STRIP = NO;
				DEBUG_INFORMATION_FORMAT = "dwarf-with-dsym";
				ENABLE_NS_ASSERTIONS = NO;
				ENABLE_STRICT_OBJC_MSGSEND = YES;
				GCC_C_LANGUAGE_STANDARD = gnu11;
				GCC_NO_COMMON_BLOCKS = YES;
				GCC_WARN_64_TO_32_BIT_CONVERSION = YES;
				GCC_WARN_ABOUT_RETURN_TYPE = YES_ERROR;
				GCC_WARN_UNDECLARED_SELECTOR = YES;
				GCC_WARN_UNINITIALIZED_AUTOS = YES_AGGRESSIVE;
				GCC_WARN_UNUSED_FUNCTION = YES;
				GCC_WARN_UNUSED_VARIABLE = YES;
				IPHONEOS_DEPLOYMENT_TARGET = 15.0;
				MTL_ENABLE_DEBUG_INFO = NO;
				MTL_FAST_MATH = YES;
				SDKROOT = iphoneos;
				SWIFT_COMPILATION_MODE = wholemodule;
				SWIFT_OPTIMIZATION_LEVEL = "-O";
				VALIDATE_PRODUCT = YES;
			};
			name = Release;
		};
		84829FE1277C7327001C9B69 /* Debug */ = {
			isa = XCBuildConfiguration;
			buildSettings = {
				ASSETCATALOG_COMPILER_APPICON_NAME = AppIcon;
				ASSETCATALOG_COMPILER_GLOBAL_ACCENT_COLOR_NAME = AccentColor;
				CODE_SIGN_STYLE = Automatic;
				CURRENT_PROJECT_VERSION = 1;
				GENERATE_INFOPLIST_FILE = YES;
				INFOPLIST_FILE = "Project Introduction/Info.plist";
				INFOPLIST_KEY_UIApplicationSupportsIndirectInputEvents = YES;
				INFOPLIST_KEY_UILaunchStoryboardName = LaunchScreen;
				INFOPLIST_KEY_UIMainStoryboardFile = Main;
				INFOPLIST_KEY_UISupportedInterfaceOrientations_iPad = "UIInterfaceOrientationPortrait UIInterfaceOrientationPortraitUpsideDown UIInterfaceOrientationLandscapeLeft UIInterfaceOrientationLandscapeRight";
				INFOPLIST_KEY_UISupportedInterfaceOrientations_iPhone = "UIInterfaceOrientationPortrait UIInterfaceOrientationLandscapeLeft UIInterfaceOrientationLandscapeRight";
				LD_RUNPATH_SEARCH_PATHS = (
					"$(inherited)",
					"@executable_path/Frameworks",
				);
				MARKETING_VERSION = 1.0;
				PRODUCT_BUNDLE_IDENTIFIER = com.doaa.ProjectIntroduction;
				PRODUCT_NAME = "$(TARGET_NAME)";
				SWIFT_EMIT_LOC_STRINGS = YES;
				SWIFT_VERSION = 5.0;
				TARGETED_DEVICE_FAMILY = "1,2";
			};
			name = Debug;
		};
		84829FE2277C7327001C9B69 /* Release */ = {
			isa = XCBuildConfiguration;
			buildSettings = {
				ASSETCATALOG_COMPILER_APPICON_NAME = AppIcon;
				ASSETCATALOG_COMPILER_GLOBAL_ACCENT_COLOR_NAME = AccentColor;
				CODE_SIGN_STYLE = Automatic;
				CURRENT_PROJECT_VERSION = 1;
				GENERATE_INFOPLIST_FILE = YES;
				INFOPLIST_FILE = "Project Introduction/Info.plist";
				INFOPLIST_KEY_UIApplicationSupportsIndirectInputEvents = YES;
				INFOPLIST_KEY_UILaunchStoryboardName = LaunchScreen;
				INFOPLIST_KEY_UIMainStoryboardFile = Main;
				INFOPLIST_KEY_UISupportedInterfaceOrientations_iPad = "UIInterfaceOrientationPortrait UIInterfaceOrientationPortraitUpsideDown UIInterfaceOrientationLandscapeLeft UIInterfaceOrientationLandscapeRight";
				INFOPLIST_KEY_UISupportedInterfaceOrientations_iPhone = "UIInterfaceOrientationPortrait UIInterfaceOrientationLandscapeLeft UIInterfaceOrientationLandscapeRight";
				LD_RUNPATH_SEARCH_PATHS = (
					"$(inherited)",
					"@executable_path/Frameworks",
				);
				MARKETING_VERSION = 1.0;
				PRODUCT_BUNDLE_IDENTIFIER = com.doaa.ProjectIntroduction;
				PRODUCT_NAME = "$(TARGET_NAME)";
				SWIFT_EMIT_LOC_STRINGS = YES;
				SWIFT_VERSION = 5.0;
				TARGETED_DEVICE_FAMILY = "1,2";
			};
			name = Release;
		};
/* End XCBuildConfiguration section */

/* Begin XCConfigurationList section */
		84829FC7277C7326001C9B69 /* Build configuration list for PBXProject "Project Introduction" */ = {
			isa = XCConfigurationList;
			buildConfigurations = (
				84829FDE277C7327001C9B69 /* Debug */,
				84829FDF277C7327001C9B69 /* Release */,
			);
			defaultConfigurationIsVisible = 0;
			defaultConfigurationName = Release;
		};
		84829FE0277C7327001C9B69 /* Build configuration list for PBXNativeTarget "Project Introduction" */ = {
			isa = XCConfigurationList;
			buildConfigurations = (
				84829FE1277C7327001C9B69 /* Debug */,
				84829FE2277C7327001C9B69 /* Release */,
			);
			defaultConfigurationIsVisible = 0;
			defaultConfigurationName = Release;
		};
/* End XCConfigurationList section */

/* Begin XCRemoteSwiftPackageReference section */
		84829FE3277C760E001C9B69 /* XCRemoteSwiftPackageReference "firebase-ios-sdk" */ = {
			isa = XCRemoteSwiftPackageReference;
			repositoryURL = "https://github.com/firebase/firebase-ios-sdk";
			requirement = {
				kind = upToNextMajorVersion;
				minimumVersion = 8.0.0;
			};
		};
/* End XCRemoteSwiftPackageReference section */

/* Begin XCSwiftPackageProductDependency section */
		84829FE4277C760E001C9B69 /* FirebaseAnalytics */ = {
			isa = XCSwiftPackageProductDependency;
			package = 84829FE3277C760E001C9B69 /* XCRemoteSwiftPackageReference "firebase-ios-sdk" */;
			productName = FirebaseAnalytics;
		};
		84829FE6277C760E001C9B69 /* FirebaseAuth */ = {
			isa = XCSwiftPackageProductDependency;
			package = 84829FE3277C760E001C9B69 /* XCRemoteSwiftPackageReference "firebase-ios-sdk" */;
			productName = FirebaseAuth;
		};
		84829FE8277C760E001C9B69 /* FirebaseDatabase */ = {
			isa = XCSwiftPackageProductDependency;
			package = 84829FE3277C760E001C9B69 /* XCRemoteSwiftPackageReference "firebase-ios-sdk" */;
			productName = FirebaseDatabase;
		};
		84829FEA277C760E001C9B69 /* FirebaseStorage */ = {
			isa = XCSwiftPackageProductDependency;
			package = 84829FE3277C760E001C9B69 /* XCRemoteSwiftPackageReference "firebase-ios-sdk" */;
			productName = FirebaseStorage;
		};
/* End XCSwiftPackageProductDependency section */
	};
	rootObject = 84829FC4277C7326001C9B69 /* Project object */;
}
